symfony v2.0.15
twig v1.8.2
monolog 1.0.2
doctrine-common 2.1.4
doctrine-dbal 2.1.7
doctrine 2.1.7
swiftmailer v4.1.7
assetic v1.0.3
twig-extensions dcdff02fbac1282e6b8f4d0558cc7e9580105688
metadata 1.0.0
SensioFrameworkExtraBundle v2.0.17
JMSSecurityExtraBundle e752f888c51425f71382c056961f10f2be642102
SensioDistributionBundle v2.0.17
SensioGeneratorBundle v2.0.19
AsseticBundle v1.0.1
RuianTwitterBootstrapBundle 11baa5d6c2eea9cbec0ae05e73f8ba8b6b84350d
TwitterBootstrap1 v1.4.0
TwitterBootstrap2 v2.0.0
lessphp da15f54506ce5023eaeb9ad9cae83470ffe018a1
KnpMenu 884131c2d8b14b8d6abf676d221439bfce7d73ab
KnpMenuBundle dd699f6cde9cba3b0c67a1b4ea66356b4d975b7f
EkoFeedBundle 61a1eb508bc05dbabab463ac7313391880f9dd6d
PayPalIPN 3917db3905ca900dea5086e3f7ddf9f70acfc189
